<?xml version="1.0" encoding="utf-8"?>
<Project ToolsVersion="4.0" xmlns="http://schemas.microsoft.com/developer/msbuild/2003">
  <ItemGroup>
    <Filter Include="src">
      <UniqueIdentifier>{699040b4-6b69-4042-9db7-aa66f5ded4a6}</UniqueIdentifier>
    </Filter>
    <Filter Include="src\Services">
      <UniqueIdentifier>{967aea0f-9248-4b4a-918f-2f903ca5e726}</UniqueIdentifier>
    </Filter>
    <Filter Include="src\Scenes">
      <UniqueIdentifier>{49120e1d-6f9d-4105-a132-c4be9f8b5a7d}</UniqueIdentifier>
    </Filter>
    <Filter Include="src\Game">
      <UniqueIdentifier>{5c7e0b82-2f0b-41fa-95d8-f7c6d3a57eea}</UniqueIdentifier>
    </Filter>
    <Filter Include="src\UI">
      <UniqueIdentifier>{0c565f91-fdfd-4338-a130-ebe85d13932e}</UniqueIdentifier>
    </Filter>
    <Filter Include="src\UI\Basic">
      <UniqueIdentifier>{940f1d4d-09c1-4c15-ae45-1a04a0d5936f}</UniqueIdentifier>
    </Filter>
    <Filter Include="include">
      <UniqueIdentifier>{252d235e-afc4-48b4-bdee-dead5c227b69}</UniqueIdentifier>
    </Filter>
    <Filter Include="include\GameObjects">
      <UniqueIdentifier>{6e27b46a-8112-4897-8e84-da5b279e6a79}</UniqueIdentifier>
    </Filter>
    <Filter Include="include\Components">
      <UniqueIdentifier>{243ed0f2-35a7-4506-91cd-735cbbe9e7b2}</UniqueIdentifier>
    </Filter>
    <Filter Include="include\Scenes">
      <UniqueIdentifier>{545b13bf-e37b-4515-8eb8-ae4a428a6870}</UniqueIdentifier>
    </Filter>
    <Filter Include="include\UI">
      <UniqueIdentifier>{f9afd611-5d04-4da1-a9c1-759dc68a8c6b}</UniqueIdentifier>
    </Filter>
    <Filter Include="include\Services">
      <UniqueIdentifier>{53333b2f-0ea8-4850-8c8c-b3bf747e9983}</UniqueIdentifier>
    </Filter>
    <Filter Include="include\Resources">
      <UniqueIdentifier>{d9b92c5d-5089-40e7-9ef6-3e8b4bca1e40}</UniqueIdentifier>
    </Filter>
    <Filter Include="include\Game">
      <UniqueIdentifier>{7e352106-0d55-491c-833c-3ed8bd563664}</UniqueIdentifier>
    </Filter>
    <Filter Include="include\Generic">
      <UniqueIdentifier>{fe3ebe96-ad38-4ad2-8302-067324e81efb}</UniqueIdentifier>
    </Filter>
    <Filter Include="src\GameObjects">
      <UniqueIdentifier>{c50e55f2-6e36-4003-8823-c485c088c124}</UniqueIdentifier>
    </Filter>
    <Filter Include="src\Components">
      <UniqueIdentifier>{2744bc24-2404-48c2-801e-8a78de17786a}</UniqueIdentifier>
    </Filter>
    <Filter Include="src\Components\Collider">
      <UniqueIdentifier>{53fc03a9-f1d0-40a4-bd9f-cb99106c6898}</UniqueIdentifier>
    </Filter>
    <Filter Include="src\Game\Layer">
      <UniqueIdentifier>{e468bb87-56ac-49a2-b1f2-189874f6f657}</UniqueIdentifier>
    </Filter>
    <Filter Include="include\Game\Layer">
      <UniqueIdentifier>{9c4c36ab-ead1-4520-8489-c0d1b59c09ce}</UniqueIdentifier>
    </Filter>
    <Filter Include="src\GameObjects\Asteroid">
      <UniqueIdentifier>{bb5a967e-fce5-46d9-9850-2f5b1d60e6ef}</UniqueIdentifier>
    </Filter>
    <Filter Include="include\Components\Controller">
      <UniqueIdentifier>{81b647d3-34f2-4ffe-97e6-874815bbe7f2}</UniqueIdentifier>
    </Filter>
    <Filter Include="src\GameObjects\Bullet">
      <UniqueIdentifier>{ad7b74b9-0fb6-46de-9f14-819a01f20e50}</UniqueIdentifier>
    </Filter>
    <Filter Include="src\GameObjects\Experience">
      <UniqueIdentifier>{c67b20b6-7316-4f42-9509-efe3bb8ac8b7}</UniqueIdentifier>
    </Filter>
    <Filter Include="src\GameObjects\Explosion">
      <UniqueIdentifier>{b6f27b6f-8b10-448b-b75d-838442a73c66}</UniqueIdentifier>
    </Filter>
    <Filter Include="src\GameObjects\Player">
      <UniqueIdentifier>{b4ca930f-733f-4df5-a589-f6b7f8fb30fb}</UniqueIdentifier>
    </Filter>
    <Filter Include="src\Generic">
      <UniqueIdentifier>{18a3c5d7-15bf-4b1f-88c3-22fa1db5ba4a}</UniqueIdentifier>
    </Filter>
  </ItemGroup>
  <ItemGroup>
    <ClCompile Include="Game.cpp">
      <Filter>src\Scenes</Filter>
    </ClCompile>
    <ClCompile Include="Scene.cpp">
      <Filter>src\Scenes</Filter>
    </ClCompile>
    <ClCompile Include="SpaceSurvivors.cpp">
      <Filter>src</Filter>
    </ClCompile>
    <ClCompile Include="GameState.cpp">
      <Filter>src\Game</Filter>
    </ClCompile>
    <ClCompile Include="ProgressBar.cpp">
      <Filter>src\UI</Filter>
    </ClCompile>
    <ClCompile Include="GameOver.cpp">
      <Filter>src\Scenes</Filter>
    </ClCompile>
    <ClCompile Include="Pause.cpp">
      <Filter>src\Scenes</Filter>
    </ClCompile>
    <ClCompile Include="LevelUp.cpp">
      <Filter>src\Scenes</Filter>
    </ClCompile>
    <ClCompile Include="Upgrade.cpp">
      <Filter>src\UI</Filter>
    </ClCompile>
    <ClCompile Include="TextInput.cpp">
      <Filter>src\UI</Filter>
    </ClCompile>
    <ClCompile Include="GameStats.cpp">
      <Filter>src\Scenes</Filter>
    </ClCompile>
    <ClCompile Include="Button.cpp">
      <Filter>src\UI\Basic</Filter>
    </ClCompile>
    <ClCompile Include="DropShadowText.cpp">
      <Filter>src\UI\Basic</Filter>
    </ClCompile>
    <ClCompile Include="Frame.cpp">
      <Filter>src\UI\Basic</Filter>
    </ClCompile>
    <ClCompile Include="ScoreBoard.cpp">
      <Filter>src\UI</Filter>
    </ClCompile>
    <ClCompile Include="SpriteRenderer.cpp">
      <Filter>src\Components</Filter>
    </ClCompile>
    <ClCompile Include="RigidBody.cpp">
      <Filter>src\Components</Filter>
    </ClCompile>
    <ClCompile Include="PlayerInputComponent.cpp">
      <Filter>src\Components</Filter>
    </ClCompile>
    <ClCompile Include="BoxCollider.cpp">
      <Filter>src\Components\Collider</Filter>
    </ClCompile>
    <ClCompile Include="CircleCollider.cpp">
      <Filter>src\Components\Collider</Filter>
    </ClCompile>
    <ClCompile Include="HighscoreService.h">
      <Filter>include\Services</Filter>
    </ClCompile>
    <ClCompile Include="GameObject.cpp">
      <Filter>src\GameObjects</Filter>
    </ClCompile>
    <ClCompile Include="ParallaxBackground.cpp">
      <Filter>src\Game</Filter>
    </ClCompile>
    <ClCompile Include="HUD.cpp">
      <Filter>src\Game</Filter>
    </ClCompile>
    <ClCompile Include="World.cpp">
      <Filter>src\Game</Filter>
    </ClCompile>
    <ClCompile Include="EmbeddedGraphicLoader.cpp">
      <Filter>src\Services</Filter>
    </ClCompile>
    <ClCompile Include="SoundManager.cpp">
      <Filter>src\Services</Filter>
    </ClCompile>
    <ClCompile Include="SceneManager.cpp">
      <Filter>src\Services</Filter>
    </ClCompile>
    <ClCompile Include="LocalFileHighscore.cpp">
      <Filter>src\Services</Filter>
    </ClCompile>
    <ClCompile Include="GraphicLoader.cpp">
      <Filter>src\Services</Filter>
    </ClCompile>
    <ClCompile Include="EnemySpawnController.cpp">
      <Filter>src\Game</Filter>
    </ClCompile>
    <ClCompile Include="CollisionGrid.cpp">
      <Filter>src\Game\Layer</Filter>
    </ClCompile>
    <ClCompile Include="Event.cpp">
      <Filter>src\Game</Filter>
    </ClCompile>
    <ClCompile Include="GameObjectFactory.cpp">
      <Filter>src\Game</Filter>
    </ClCompile>
    <ClCompile Include="GridComponent.cpp">
      <Filter>src\Components</Filter>
    </ClCompile>
    <ClCompile Include="Asteroid.cpp">
      <Filter>src\GameObjects\Asteroid</Filter>
    </ClCompile>
    <ClCompile Include="AsteroidController.cpp">
      <Filter>src\GameObjects\Asteroid</Filter>
    </ClCompile>
    <ClCompile Include="Bullet.cpp">
      <Filter>src\GameObjects\Bullet</Filter>
    </ClCompile>
    <ClCompile Include="BulletController.cpp">
      <Filter>src\GameObjects\Bullet</Filter>
    </ClCompile>
    <ClCompile Include="Experience.cpp">
      <Filter>src\GameObjects\Experience</Filter>
    </ClCompile>
    <ClCompile Include="Explosion.cpp">
      <Filter>src\GameObjects\Explosion</Filter>
    </ClCompile>
    <ClCompile Include="Player.cpp">
      <Filter>src\GameObjects\Player</Filter>
    </ClCompile>
    <ClCompile Include="ExperienceController.cpp">
      <Filter>src\GameObjects\Experience</Filter>
    </ClCompile>
    <ClCompile Include="ExplosionController.cpp">
      <Filter>src\GameObjects\Explosion</Filter>
    </ClCompile>
    <ClCompile Include="PlayerController.cpp">
      <Filter>src\GameObjects\Player</Filter>
    </ClCompile>
    <ClCompile Include="Locator.cpp">
      <Filter>src\Generic</Filter>
    </ClCompile>
    <ClCompile Include="EventDispatcher.cpp">
      <Filter>src\Generic</Filter>
    </ClCompile>
  </ItemGroup>
  <ItemGroup>
    <ClInclude Include="Defines.h">
      <Filter>include</Filter>
    </ClInclude>
    <ClInclude Include="Asteroid.h">
      <Filter>include\GameObjects</Filter>
    </ClInclude>
    <ClInclude Include="Bullet.h">
      <Filter>include\GameObjects</Filter>
    </ClInclude>
    <ClInclude Include="Explosion.h">
      <Filter>include\GameObjects</Filter>
    </ClInclude>
    <ClInclude Include="Player.h">
      <Filter>include\GameObjects</Filter>
    </ClInclude>
    <ClInclude Include="Collider.h">
      <Filter>include\Components</Filter>
    </ClInclude>
    <ClInclude Include="BoxCollider.h">
      <Filter>include\Components</Filter>
    </ClInclude>
    <ClInclude Include="CircleCollider.h">
      <Filter>include\Components</Filter>
    </ClInclude>
    <ClInclude Include="Component.h">
      <Filter>include\Components</Filter>
    </ClInclude>
    <ClInclude Include="GameObject.h">
      <Filter>include\GameObjects</Filter>
    </ClInclude>
    <ClInclude Include="SpriteRenderer.h">
      <Filter>include\Components</Filter>
    </ClInclude>
    <ClInclude Include="RigidBody.h">
      <Filter>include\Components</Filter>
    </ClInclude>
    <ClInclude Include="Game.h">
      <Filter>include\Scenes</Filter>
    </ClInclude>
    <ClInclude Include="GameOver.h">
      <Filter>include\Scenes</Filter>
    </ClInclude>
    <ClInclude Include="GameStats.h">
      <Filter>include\Scenes</Filter>
    </ClInclude>
    <ClInclude Include="Button.h">
      <Filter>include\UI</Filter>
    </ClInclude>
    <ClInclude Include="DropShadowText.h">
      <Filter>include\UI</Filter>
    </ClInclude>
    <ClInclude Include="Frame.h">
      <Filter>include\UI</Filter>
    </ClInclude>
    <ClInclude Include="GraphicLoader.h">
      <Filter>include\Services</Filter>
    </ClInclude>
    <ClInclude Include="GraphicService.h">
      <Filter>include\Services</Filter>
    </ClInclude>
    <ClInclude Include="LevelUp.h">
      <Filter>include\Scenes</Filter>
    </ClInclude>
    <ClInclude Include="LocalFileHighscore.h">
      <Filter>include\Services</Filter>
    </ClInclude>
    <ClInclude Include="ArialFont.h">
      <Filter>include\Resources</Filter>
    </ClInclude>
    <ClInclude Include="AsteroidImage.h">
      <Filter>include\Resources</Filter>
    </ClInclude>
    <ClInclude Include="BackgroundImage0.h">
      <Filter>include\Resources</Filter>
    </ClInclude>
    <ClInclude Include="BackgroundImage1.h">
      <Filter>include\Resources</Filter>
    </ClInclude>
    <ClInclude Include="BackgroundImage2.h">
      <Filter>include\Resources</Filter>
    </ClInclude>
    <ClInclude Include="BackgroundImage3.h">
      <Filter>include\Resources</Filter>
    </ClInclude>
    <ClInclude Include="BulletsImage.h">
      <Filter>include\Resources</Filter>
    </ClInclude>
    <ClInclude Include="ExplosionImage.h">
      <Filter>include\Resources</Filter>
    </ClInclude>
    <ClInclude Include="PixelFont.h">
      <Filter>include\Resources</Filter>
    </ClInclude>
    <ClInclude Include="PlayerImage.h">
      <Filter>include\Resources</Filter>
    </ClInclude>
    <ClInclude Include="UiBlueBarImage.h">
      <Filter>include\Resources</Filter>
    </ClInclude>
    <ClInclude Include="UiFrameImage.h">
      <Filter>include\Resources</Filter>
    </ClInclude>
    <ClInclude Include="UiRedBarImage.h">
      <Filter>include\Resources</Filter>
    </ClInclude>
    <ClInclude Include="MainTheme.h">
      <Filter>include\Resources</Filter>
    </ClInclude>
    <ClInclude Include="GameState.h">
      <Filter>include\Game</Filter>
    </ClInclude>
    <ClInclude Include="HUD.h">
      <Filter>include\Game</Filter>
    </ClInclude>
    <ClInclude Include="World.h">
      <Filter>include\Game</Filter>
    </ClInclude>
    <ClInclude Include="TextInput.h">
      <Filter>include\UI</Filter>
    </ClInclude>
    <ClInclude Include="Upgrade.h">
      <Filter>include\UI</Filter>
    </ClInclude>
    <ClInclude Include="ProgressBar.h">
      <Filter>include\UI</Filter>
    </ClInclude>
    <ClInclude Include="Pause.h">
      <Filter>include\Scenes</Filter>
    </ClInclude>
    <ClInclude Include="Scene.h">
      <Filter>include\Scenes</Filter>
    </ClInclude>
    <ClInclude Include="SceneManager.h">
      <Filter>include\Services</Filter>
    </ClInclude>
    <ClInclude Include="ScoreBoard.h">
      <Filter>include\UI</Filter>
    </ClInclude>
    <ClInclude Include="ObjectPool.h">
      <Filter>include\Generic</Filter>
    </ClInclude>
    <ClInclude Include="ParallaxBackground.h">
      <Filter>include\Game</Filter>
    </ClInclude>
    <ClInclude Include="PlayerInputComponent.h">
      <Filter>include\Components</Filter>
    </ClInclude>
    <ClInclude Include="SoundManager.h">
      <Filter>include\Services</Filter>
    </ClInclude>
    <ClInclude Include="Locator.h">
      <Filter>include\Generic</Filter>
    </ClInclude>
    <ClInclude Include="VectorExtension.h">
      <Filter>include\Generic</Filter>
    </ClInclude>
    <ClInclude Include="EmbeddedGraphicLoader.h">
      <Filter>include\Services</Filter>
    </ClInclude>
    <ClInclude Include="EnemySpawnController.h">
      <Filter>include\Game</Filter>
    </ClInclude>
    <ClInclude Include="CollisionGrid.h">
      <Filter>include\Game\Layer</Filter>
    </ClInclude>
    <ClInclude Include="Experience.h">
      <Filter>include\GameObjects</Filter>
    </ClInclude>
    <ClInclude Include="GameObjectFactory.h">
      <Filter>include\Game</Filter>
    </ClInclude>
    <ClInclude Include="GridComponent.h">
      <Filter>include\Components</Filter>
    </ClInclude>
    <ClInclude Include="AsteroidController.h">
      <Filter>include\Components\Controller</Filter>
    </ClInclude>
    <ClInclude Include="BulletController.h">
      <Filter>include\Components\Controller</Filter>
    </ClInclude>
    <ClInclude Include="ExperienceController.h">
      <Filter>include\Components\Controller</Filter>
    </ClInclude>
    <ClInclude Include="ExplosionController.h">
      <Filter>include\Components\Controller</Filter>
    </ClInclude>
    <ClInclude Include="PlayerController.h">
      <Filter>include\Components\Controller</Filter>
    </ClInclude>
    <ClInclude Include="Event.h">
      <Filter>include\Generic</Filter>
    </ClInclude>
    <ClInclude Include="EventDispatcher.h">
      <Filter>include\Generic</Filter>
    </ClInclude>
  </ItemGroup>
</Project>